
Microsoft Visual Studio Solution File, Format Version 12.00
# Visual Studio Version 16
VisualStudioVersion = 16.0.29806.167
MinimumVisualStudioVersion = 10.0.40219.1
Project("{FAE04EC0-301F-11D3-BF4B-00C04F79EFBC}") = "SampleApp_GithubEnterpriseServer", "SampleApp_GithubEnterpriseServer\SampleApp_GithubEnterpriseServer.csproj", "{37B6F33B-8B07-43BB-BD89-29FE511AA690}"
EndProject
Global
	GlobalSection(SolutionConfigurationPlatforms) = preSolution
		Debug|Any CPU = Debug|Any CPU
		Release|Any CPU = Release|Any CPU
	EndGlobalSection
	GlobalSection(ProjectConfigurationPlatforms) = postSolution
		{37B6F33B-8B07-43BB-BD89-29FE511AA690}.Debug|Any CPU.ActiveCfg = Debug|Any CPU
		{37B6F33B-8B07-43BB-BD89-29FE511AA690}.Debug|Any CPU.Build.0 = Debug|Any CPU
		{37B6F33B-8B07-43BB-BD89-29FE511AA690}.Release|Any CPU.ActiveCfg = Release|Any CPU
		{37B6F33B-8B07-43BB-BD89-29FE511AA690}.Release|Any CPU.Build.0 = Release|Any CPU
	EndGlobalSection
	GlobalSection(SolutionProperties) = preSolution
		HideSolutionNode = FALSE
	EndGlobalSection
	GlobalSection(ExtensibilityGlobals) = postSolution
		SolutionGuid = {0A3141C0-1D4C-4959-B818-ED38440EA6CB}
	EndGlobalSection
EndGlobal
